
Microsoft Visual Studio Solution File, Format Version 12.00
# Visual Studio Version 17
VisualStudioVersion = 17.9.34701.34
MinimumVisualStudioVersion = 10.0.40219.1
Project("{9A19103F-16F7-4668-BE54-9A1E7A4F7556}") = "The Last Fleet", "The Last Fleet.csproj", "{347FCF46-0459-4F48-8A68-4818AAE4CF12}"
EndProject
Global
	GlobalSection(SolutionConfigurationPlatforms) = preSolution
		Debug|Any CPU = Debug|Any CPU
		ExportDebug|Any CPU = ExportDebug|Any CPU
		ExportRelease|Any CPU = ExportRelease|Any CPU
	EndGlobalSection
	GlobalSection(ProjectConfigurationPlatforms) = postSolution
		{347FCF46-0459-4F48-8A68-4818AAE4CF12}.Debug|Any CPU.ActiveCfg = Debug|Any CPU
		{347FCF46-0459-4F48-8A68-4818AAE4CF12}.Debug|Any CPU.Build.0 = Debug|Any CPU
		{347FCF46-0459-4F48-8A68-4818AAE4CF12}.ExportDebug|Any CPU.ActiveCfg = ExportDebug|Any CPU
		{347FCF46-0459-4F48-8A68-4818AAE4CF12}.ExportDebug|Any CPU.Build.0 = ExportDebug|Any CPU
		{347FCF46-0459-4F48-8A68-4818AAE4CF12}.ExportRelease|Any CPU.ActiveCfg = ExportRelease|Any CPU
		{347FCF46-0459-4F48-8A68-4818AAE4CF12}.ExportRelease|Any CPU.Build.0 = ExportRelease|Any CPU
	EndGlobalSection
	GlobalSection(SolutionProperties) = preSolution
		HideSolutionNode = FALSE
	EndGlobalSection
	GlobalSection(ExtensibilityGlobals) = postSolution
		SolutionGuid = {DC38BE4C-6460-46F8-BC83-A00A6315BA4B}
	EndGlobalSection
EndGlobal
